
Microsoft Visual Studio Solution File, Format Version 12.00
# Visual Studio Version 16
VisualStudioVersion = 16.0.30804.86
MinimumVisualStudioVersion = 10.0.40219.1
Project("{FAE04EC0-301F-11D3-BF4B-00C04F79EFBC}") = "TeduShop.Model", "TeduShop.Model\TeduShop.Model.csproj", "{D2099D9A-D314-4F8F-9345-D5BCF5A9BE71}"
EndProject
Project("{FAE04EC0-301F-11D3-BF4B-00C04F79EFBC}") = "TeduShop.Data", "TeduShop.Data\TeduShop.Data.csproj", "{DCA06B5F-407C-41C3-82B9-9E388F4C9039}"
EndProject
Project("{FAE04EC0-301F-11D3-BF4B-00C04F79EFBC}") = "TeduShop.UnitTest", "TeduShop.Unit\TeduShop.UnitTest.csproj", "{6D19D8F3-D44F-46C8-B4FD-C71862E66475}"
EndProject
Project("{FAE04EC0-301F-11D3-BF4B-00C04F79EFBC}") = "TeduShop.Web", "TeduShop.Web\TeduShop.Web.csproj", "{F5783B17-F47D-41A7-8ADC-B892D6787C5F}"
EndProject
Project("{FAE04EC0-301F-11D3-BF4B-00C04F79EFBC}") = "TeduShop.Common", "TeduShop.Common\TeduShop.Common.csproj", "{BE45D95F-96F3-4FA5-8AFE-0C8585585AFA}"
EndProject
Project("{FAE04EC0-301F-11D3-BF4B-00C04F79EFBC}") = "TeduShop.Service", "TeduShop.Service\TeduShop.Service.csproj", "{579E2ED1-BF00-4519-BBBF-9923D7FF55C2}"
EndProject
Global
	GlobalSection(SolutionConfigurationPlatforms) = preSolution
		Debug|Any CPU = Debug|Any CPU
		Release|Any CPU = Release|Any CPU
	EndGlobalSection
	GlobalSection(ProjectConfigurationPlatforms) = postSolution
		{D2099D9A-D314-4F8F-9345-D5BCF5A9BE71}.Debug|Any CPU.ActiveCfg = Debug|Any CPU
		{D2099D9A-D314-4F8F-9345-D5BCF5A9BE71}.Debug|Any CPU.Build.0 = Debug|Any CPU
		{D2099D9A-D314-4F8F-9345-D5BCF5A9BE71}.Release|Any CPU.ActiveCfg = Release|Any CPU
		{D2099D9A-D314-4F8F-9345-D5BCF5A9BE71}.Release|Any CPU.Build.0 = Release|Any CPU
		{DCA06B5F-407C-41C3-82B9-9E388F4C9039}.Debug|Any CPU.ActiveCfg = Debug|Any CPU
		{DCA06B5F-407C-41C3-82B9-9E388F4C9039}.Debug|Any CPU.Build.0 = Debug|Any CPU
		{DCA06B5F-407C-41C3-82B9-9E388F4C9039}.Release|Any CPU.ActiveCfg = Release|Any CPU
		{DCA06B5F-407C-41C3-82B9-9E388F4C9039}.Release|Any CPU.Build.0 = Release|Any CPU
		{6D19D8F3-D44F-46C8-B4FD-C71862E66475}.Debug|Any CPU.ActiveCfg = Debug|Any CPU
		{6D19D8F3-D44F-46C8-B4FD-C71862E66475}.Debug|Any CPU.Build.0 = Debug|Any CPU
		{6D19D8F3-D44F-46C8-B4FD-C71862E66475}.Release|Any CPU.ActiveCfg = Release|Any CPU
		{6D19D8F3-D44F-46C8-B4FD-C71862E66475}.Release|Any CPU.Build.0 = Release|Any CPU
		{F5783B17-F47D-41A7-8ADC-B892D6787C5F}.Debug|Any CPU.ActiveCfg = Debug|Any CPU
		{F5783B17-F47D-41A7-8ADC-B892D6787C5F}.Debug|Any CPU.Build.0 = Debug|Any CPU
		{F5783B17-F47D-41A7-8ADC-B892D6787C5F}.Release|Any CPU.ActiveCfg = Release|Any CPU
		{F5783B17-F47D-41A7-8ADC-B892D6787C5F}.Release|Any CPU.Build.0 = Release|Any CPU
		{BE45D95F-96F3-4FA5-8AFE-0C8585585AFA}.Debug|Any CPU.ActiveCfg = Debug|Any CPU
		{BE45D95F-96F3-4FA5-8AFE-0C8585585AFA}.Debug|Any CPU.Build.0 = Debug|Any CPU
		{BE45D95F-96F3-4FA5-8AFE-0C8585585AFA}.Release|Any CPU.ActiveCfg = Release|Any CPU
		{BE45D95F-96F3-4FA5-8AFE-0C8585585AFA}.Release|Any CPU.Build.0 = Release|Any CPU
		{579E2ED1-BF00-4519-BBBF-9923D7FF55C2}.Debug|Any CPU.ActiveCfg = Debug|Any CPU
		{579E2ED1-BF00-4519-BBBF-9923D7FF55C2}.Debug|Any CPU.Build.0 = Debug|Any CPU
		{579E2ED1-BF00-4519-BBBF-9923D7FF55C2}.Release|Any CPU.ActiveCfg = Release|Any CPU
		{579E2ED1-BF00-4519-BBBF-9923D7FF55C2}.Release|Any CPU.Build.0 = Release|Any CPU
	EndGlobalSection
	GlobalSection(SolutionProperties) = preSolution
		HideSolutionNode = FALSE
	EndGlobalSection
	GlobalSection(ExtensibilityGlobals) = postSolution
		SolutionGuid = {F7A85B6A-6562-4F3D-B64A-D54653D1DD16}
	EndGlobalSection
EndGlobal
